
Microsoft Visual Studio Solution File, Format Version 10.00
# Visual Studio 2008
Project("{FAE04EC0-301F-11D3-BF4B-00C04F79EFBC}") = "Robot.Kinematics", "Robot.Kinematics\Robot.Kinematics.csproj", "{1B7ED056-0748-4EB8-8CF2-A131BDB1F7A6}"
EndProject
Project("{FAE04EC0-301F-11D3-BF4B-00C04F79EFBC}") = "Robot.Kinematics.Console", "Robot.Kinematics.Console\Robot.Kinematics.Console.csproj", "{B91B780F-C78F-49FF-9261-E5547F5A6A12}"
EndProject
Project("{FAE04EC0-301F-11D3-BF4B-00C04F79EFBC}") = "Robot.Kinematics.UI", "Robot.Kinematics.UI\Robot.Kinematics.UI.csproj", "{AE8B28DA-2B1E-40A0-A0E3-9210034ABF06}"
EndProject
Project("{FAE04EC0-301F-11D3-BF4B-00C04F79EFBC}") = "SSC32Communication", "..\SSC32Communication\SSC32Communication\SSC32Communication.csproj", "{778E579E-9196-497B-9E0B-027C585A75D4}"
EndProject
Global
	GlobalSection(SolutionConfigurationPlatforms) = preSolution
		Debug|Any CPU = Debug|Any CPU
		Release|Any CPU = Release|Any CPU
	EndGlobalSection
	GlobalSection(ProjectConfigurationPlatforms) = postSolution
		{1B7ED056-0748-4EB8-8CF2-A131BDB1F7A6}.Debug|Any CPU.ActiveCfg = Debug|Any CPU
		{1B7ED056-0748-4EB8-8CF2-A131BDB1F7A6}.Debug|Any CPU.Build.0 = Debug|Any CPU
		{1B7ED056-0748-4EB8-8CF2-A131BDB1F7A6}.Release|Any CPU.ActiveCfg = Release|Any CPU
		{1B7ED056-0748-4EB8-8CF2-A131BDB1F7A6}.Release|Any CPU.Build.0 = Release|Any CPU
		{B91B780F-C78F-49FF-9261-E5547F5A6A12}.Debug|Any CPU.ActiveCfg = Debug|Any CPU
		{B91B780F-C78F-49FF-9261-E5547F5A6A12}.Debug|Any CPU.Build.0 = Debug|Any CPU
		{B91B780F-C78F-49FF-9261-E5547F5A6A12}.Release|Any CPU.ActiveCfg = Release|Any CPU
		{B91B780F-C78F-49FF-9261-E5547F5A6A12}.Release|Any CPU.Build.0 = Release|Any CPU
		{AE8B28DA-2B1E-40A0-A0E3-9210034ABF06}.Debug|Any CPU.ActiveCfg = Debug|Any CPU
		{AE8B28DA-2B1E-40A0-A0E3-9210034ABF06}.Debug|Any CPU.Build.0 = Debug|Any CPU
		{AE8B28DA-2B1E-40A0-A0E3-9210034ABF06}.Release|Any CPU.ActiveCfg = Release|Any CPU
		{AE8B28DA-2B1E-40A0-A0E3-9210034ABF06}.Release|Any CPU.Build.0 = Release|Any CPU
		{778E579E-9196-497B-9E0B-027C585A75D4}.Debug|Any CPU.ActiveCfg = Debug|Any CPU
		{778E579E-9196-497B-9E0B-027C585A75D4}.Debug|Any CPU.Build.0 = Debug|Any CPU
		{778E579E-9196-497B-9E0B-027C585A75D4}.Release|Any CPU.ActiveCfg = Release|Any CPU
		{778E579E-9196-497B-9E0B-027C585A75D4}.Release|Any CPU.Build.0 = Release|Any CPU
	EndGlobalSection
	GlobalSection(SolutionProperties) = preSolution
		HideSolutionNode = FALSE
	EndGlobalSection
EndGlobal
